// !$*UTF8*$!
{
	archiveVersion = 1;
	classes = {
	};
	objectVersion = 50;
	objects = {

/* Begin PBXBuildFile section */
		15B5622525DE323700D5B871 /* AppDelegate.swift in Sources */ = {isa = PBXBuildFile; fileRef = 15B5622425DE323700D5B871 /* AppDelegate.swift */; };
		15B5622725DE323700D5B871 /* SceneDelegate.swift in Sources */ = {isa = PBXBuildFile; fileRef = 15B5622625DE323700D5B871 /* SceneDelegate.swift */; };
		15B5622925DE323700D5B871 /* ViewController.swift in Sources */ = {isa = PBXBuildFile; fileRef = 15B5622825DE323700D5B871 /* ViewController.swift */; };
		15B5622C25DE323700D5B871 /* Main.storyboard in Resources */ = {isa = PBXBuildFile; fileRef = 15B5622A25DE323700D5B871 /* Main.storyboard */; };
		15B5622E25DE323900D5B871 /* Assets.xcassets in Resources */ = {isa = PBXBuildFile; fileRef = 15B5622D25DE323900D5B871 /* Assets.xcassets */; };
		15B5623125DE323900D5B871 /* LaunchScreen.storyboard in Resources */ = {isa = PBXBuildFile; fileRef = 15B5622F25DE323900D5B871 /* LaunchScreen.storyboard */; };
		15B5623B25DE403800D5B871 /* Queen.mp3 in Resources */ = {isa = PBXBuildFile; fileRef = 15B5623A25DE403800D5B871 /* Queen.mp3 */; };
/* End PBXBuildFile section */

/* Begin PBXFileReference section */
		15B5622125DE323700D5B871 /* AVFoundation_Audio.app */ = {isa = PBXFileReference; explicitFileType = wrapper.application; includeInIndex = 0; path = AVFoundation_Audio.app; sourceTree = BUILT_PRODUCTS_DIR; };
		15B5622425DE323700D5B871 /* AppDelegate.swift */ = {isa = PBXFileReference; lastKnownFileType = sourcecode.swift; path = AppDelegate.swift; sourceTree = "<group>"; };
		15B5622625DE323700D5B871 /* SceneDelegate.swift */ = {isa = PBXFileReference; lastKnownFileType = sourcecode.swift; path = SceneDelegate.swift; sourceTree = "<group>"; };
		15B5622825DE323700D5B871 /* ViewController.swift */ = {isa = PBXFileReference; lastKnownFileType = sourcecode.swift; path = ViewController.swift; sourceTree = "<group>"; };
		15B5622B25DE323700D5B871 /* Base */ = {isa = PBXFileReference; lastKnownFileType = file.storyboard; name = Base; path = Base.lproj/Main.storyboard; sourceTree = "<group>"; };
		15B5622D25DE323900D5B871 /* Assets.xcassets */ = {isa = PBXFileReference; lastKnownFileType = folder.assetcatalog; path = Assets.xcassets; sourceTree = "<group>"; };
		15B5623025DE323900D5B871 /* Base */ = {isa = PBXFileReference; lastKnownFileType = file.storyboard; name = Base; path = Base.lproj/LaunchScreen.storyboard; sourceTree = "<group>"; };
		15B5623225DE323900D5B871 /* Info.plist */ = {isa = PBXFileReference; lastKnownFileType = text.plist.xml; path = Info.plist; sourceTree = "<group>"; };
		15B5623A25DE403800D5B871 /* Queen.mp3 */ = {isa = PBXFileReference; lastKnownFileType = audio.mp3; path = Queen.mp3; sourceTree = "<group>"; };
/* End PBXFileReference section */

/* Begin PBXFrameworksBuildPhase section */
		15B5621E25DE323700D5B871 /* Frameworks */ = {
			isa = PBXFrameworksBuildPhase;
			buildActionMask = 2147483647;
			files = (
			);
			runOnlyForDeploymentPostprocessing = 0;
		};
/* End PBXFrameworksBuildPhase section */

/* Begin PBXGroup section */
		15B5621825DE323700D5B871 = {
			isa = PBXGroup;
			children = (
				15B5622325DE323700D5B871 /* AVFoundation_Audio */,
				15B5622225DE323700D5B871 /* Products */,
			);
			sourceTree = "<group>";
		};
		15B5622225DE323700D5B871 /* Products */ = {
			isa = PBXGroup;
			children = (
				15B5622125DE323700D5B871 /* AVFoundation_Audio.app */,
			);
			name = Products;
			sourceTree = "<group>";
		};
		15B5622325DE323700D5B871 /* AVFoundation_Audio */ = {
			isa = PBXGroup;
			children = (
				15B5622425DE323700D5B871 /* AppDelegate.swift */,
				15B5622625DE323700D5B871 /* SceneDelegate.swift */,
				15B5622825DE323700D5B871 /* ViewController.swift */,
				15B5622A25DE323700D5B871 /* Main.storyboard */,
				15B5622D25DE323900D5B871 /* Assets.xcassets */,
				15B5622F25DE323900D5B871 /* LaunchScreen.storyboard */,
				15B5623925DE3FDE00D5B871 /* Music */,
				15B5623225DE323900D5B871 /* Info.plist */,
			);
			path = AVFoundation_Audio;
			sourceTree = "<group>";
		};
		15B5623925DE3FDE00D5B871 /* Music */ = {
			isa = PBXGroup;
			children = (
				15B5623A25DE403800D5B871 /* Queen.mp3 */,
			);
			path = Music;
			sourceTree = "<group>";
		};
/* End PBXGroup section */

/* Begin PBXNativeTarget section */
		15B5622025DE323700D5B871 /* AVFoundation_Audio */ = {
			isa = PBXNativeTarget;
			buildConfigurationList = 15B5623525DE323900D5B871 /* Build configuration list for PBXNativeTarget "AVFoundation_Audio" */;
			buildPhases = (
				15B5621D25DE323700D5B871 /* Sources */,
				15B5621E25DE323700D5B871 /* Frameworks */,
				15B5621F25DE323700D5B871 /* Resources */,
			);
			buildRules = (
			);
			dependencies = (
			);
			name = AVFoundation_Audio;
			productName = AVFoundation_Audio;
			productReference = 15B5622125DE323700D5B871 /* AVFoundation_Audio.app */;
			productType = "com.apple.product-type.application";
		};
/* End PBXNativeTarget section */

/* Begin PBXProject section */
		15B5621925DE323700D5B871 /* Project object */ = {
			isa = PBXProject;
			attributes = {
				LastSwiftUpdateCheck = 1230;
				LastUpgradeCheck = 1230;
				TargetAttributes = {
					15B5622025DE323700D5B871 = {
						CreatedOnToolsVersion = 12.3;
					};
				};
			};
			buildConfigurationList = 15B5621C25DE323700D5B871 /* Build configuration list for PBXProject "AVFoundation_Audio" */;
			compatibilityVersion = "Xcode 9.3";
			developmentRegion = en;
			hasScannedForEncodings = 0;
			knownRegions = (
				en,
				Base,
			);
			mainGroup = 15B5621825DE323700D5B871;
			productRefGroup = 15B5622225DE323700D5B871 /* Products */;
			projectDirPath = "";
			projectRoot = "";
			targets = (
				15B5622025DE323700D5B871 /* AVFoundation_Audio */,
			);
		};
/* End PBXProject section */

/* Begin PBXResourcesBuildPhase section */
		15B5621F25DE323700D5B871 /* Resources */ = {
			isa = PBXResourcesBuildPhase;
			buildActionMask = 2147483647;
			files = (
				15B5623125DE323900D5B871 /* LaunchScreen.storyboard in Resources */,
				15B5622E25DE323900D5B871 /* Assets.xcassets in Resources */,
				15B5623B25DE403800D5B871 /* Queen.mp3 in Resources */,
				15B5622C25DE323700D5B871 /* Main.storyboard in Resources */,
			);
			runOnlyForDeploymentPostprocessing = 0;
		};
/* End PBXResourcesBuildPhase section */

/* Begin PBXSourcesBuildPhase section */
		15B5621D25DE323700D5B871 /* Sources */ = {
			isa = PBXSourcesBuildPhase;
			buildActionMask = 2147483647;
			files = (
				15B5622925DE323700D5B871 /* ViewController.swift in Sources */,
				15B5622525DE323700D5B871 /* AppDelegate.swift in Sources */,
				15B5622725DE323700D5B871 /* SceneDelegate.swift in Sources */,
			);
			runOnlyForDeploymentPostprocessing = 0;
		};
/* End PBXSourcesBuildPhase section */

/* Begin PBXVariantGroup section */
		15B5622A25DE323700D5B871 /* Main.storyboard */ = {
			isa = PBXVariantGroup;
			children = (
				15B5622B25DE323700D5B871 /* Base */,
			);
			name = Main.storyboard;
			sourceTree = "<group>";
		};
		15B5622F25DE323900D5B871 /* LaunchScreen.storyboard */ = {
			isa = PBXVariantGroup;
			children = (
				15B5623025DE323900D5B871 /* Base */,
			);
			name = LaunchScreen.storyboard;
			sourceTree = "<group>";
		};
/* End PBXVariantGroup section */

/* Begin XCBuildConfiguration section */
		15B5623325DE323900D5B871 /* Debug */ = {
			isa = XCBuildConfiguration;
			buildSettings = {
				ALWAYS_SEARCH_USER_PATHS = NO;
				CLANG_ANALYZER_NONNULL = YES;
				CLANG_ANALYZER_NUMBER_OBJECT_CONVERSION = YES_AGGRESSIVE;
				CLANG_CXX_LANGUAGE_STANDARD = "gnu++14";
				CLANG_CXX_LIBRARY = "libc++";
				CLANG_ENABLE_MODULES = YES;
				CLANG_ENABLE_OBJC_ARC = YES;
				CLANG_ENABLE_OBJC_WEAK = YES;
				CLANG_WARN_BLOCK_CAPTURE_AUTORELEASING = YES;
				CLANG_WARN_BOOL_CONVERSION = YES;
				CLANG_WARN_COMMA = YES;
				CLANG_WARN_CONSTANT_CONVERSION = YES;
				CLANG_WARN_DEPRECATED_OBJC_IMPLEMENTATIONS = YES;
				CLANG_WARN_DIRECT_OBJC_ISA_USAGE = YES_ERROR;
				CLANG_WARN_DOCUMENTATION_COMMENTS = YES;
				CLANG_WARN_EMPTY_BODY = YES;
				CLANG_WARN_ENUM_CONVERSION = YES;
				CLANG_WARN_INFINITE_RECURSION = YES;
				CLANG_WARN_INT_CONVERSION = YES;
				CLANG_WARN_NON_LITERAL_NULL_CONVERSION = YES;
				CLANG_WARN_OBJC_IMPLICIT_RETAIN_SELF = YES;
				CLANG_WARN_OBJC_LITERAL_CONVERSION = YES;
				CLANG_WARN_OBJC_ROOT_CLASS = YES_ERROR;
				CLANG_WARN_QUOTED_INCLUDE_IN_FRAMEWORK_HEADER = YES;
				CLANG_WARN_RANGE_LOOP_ANALYSIS = YES;
				CLANG_WARN_STRICT_PROTOTYPES = YES;
				CLANG_WARN_SUSPICIOUS_MOVE = YES;
				CLANG_WARN_UNGUARDED_AVAILABILITY = YES_AGGRESSIVE;
				CLANG_WARN_UNREACHABLE_CODE = YES;
				CLANG_WARN__DUPLICATE_METHOD_MATCH = YES;
				COPY_PHASE_STRIP = NO;
				DEBUG_INFORMATION_FORMAT = dwarf;
				ENABLE_STRICT_OBJC_MSGSEND = YES;
				ENABLE_TESTABILITY = YES;
				GCC_C_LANGUAGE_STANDARD = gnu11;
				GCC_DYNAMIC_NO_PIC = NO;
				GCC_NO_COMMON_BLOCKS = YES;
				GCC_OPTIMIZATION_LEVEL = 0;
				GCC_PREPROCESSOR_DEFINITIONS = (
					"DEBUG=1",
					"$(inherited)",
				);
				GCC_WARN_64_TO_32_BIT_CONVERSION = YES;
				GCC_WARN_ABOUT_RETURN_TYPE = YES_ERROR;
				GCC_WARN_UNDECLARED_SELECTOR = YES;
				GCC_WARN_UNINITIALIZED_AUTOS = YES_AGGRESSIVE;
				GCC_WARN_UNUSED_FUNCTION = YES;
				GCC_WARN_UNUSED_VARIABLE = YES;
				IPHONEOS_DEPLOYMENT_TARGET = 14.3;
				MTL_ENABLE_DEBUG_INFO = INCLUDE_SOURCE;
				MTL_FAST_MATH = YES;
				ONLY_ACTIVE_ARCH = YES;
				SDKROOT = iphoneos;
				SWIFT_ACTIVE_COMPILATION_CONDITIONS = DEBUG;
				SWIFT_OPTIMIZATION_LEVEL = "-Onone";
			};
			name = Debug;
		};
		15B5623425DE323900D5B871 /* Release */ = {
			isa = XCBuildConfiguration;
			buildSettings = {
				ALWAYS_SEARCH_USER_PATHS = NO;
				CLANG_ANALYZER_NONNULL = YES;
				CLANG_ANALYZER_NUMBER_OBJECT_CONVERSION = YES_AGGRESSIVE;
				CLANG_CXX_LANGUAGE_STANDARD = "gnu++14";
				CLANG_CXX_LIBRARY = "libc++";
				CLANG_ENABLE_MODULES = YES;
				CLANG_ENABLE_OBJC_ARC = YES;
				CLANG_ENABLE_OBJC_WEAK = YES;
				CLANG_WARN_BLOCK_CAPTURE_AUTORELEASING = YES;
				CLANG_WARN_BOOL_CONVERSION = YES;
				CLANG_WARN_COMMA = YES;
				CLANG_WARN_CONSTANT_CONVERSION = YES;
				CLANG_WARN_DEPRECATED_OBJC_IMPLEMENTATIONS = YES;
				CLANG_WARN_DIRECT_OBJC_ISA_USAGE = YES_ERROR;
				CLANG_WARN_DOCUMENTATION_COMMENTS = YES;
				CLANG_WARN_EMPTY_BODY = YES;
				CLANG_WARN_ENUM_CONVERSION = YES;
				CLANG_WARN_INFINITE_RECURSION = YES;
				CLANG_WARN_INT_CONVERSION = YES;
				CLANG_WARN_NON_LITERAL_NULL_CONVERSION = YES;
				CLANG_WARN_OBJC_IMPLICIT_RETAIN_SELF = YES;
				CLANG_WARN_OBJC_LITERAL_CONVERSION = YES;
				CLANG_WARN_OBJC_ROOT_CLASS = YES_ERROR;
				CLANG_WARN_QUOTED_INCLUDE_IN_FRAMEWORK_HEADER = YES;
				CLANG_WARN_RANGE_LOOP_ANALYSIS = YES;
				CLANG_WARN_STRICT_PROTOTYPES = YES;
				CLANG_WARN_SUSPICIOUS_MOVE = YES;
				CLANG_WARN_UNGUARDED_AVAILABILITY = YES_AGGRESSIVE;
				CLANG_WARN_UNREACHABLE_CODE = YES;
				CLANG_WARN__DUPLICATE_METHOD_MATCH = YES;
				COPY_PHASE_STRIP = NO;
				DEBUG_INFORMATION_FORMAT = "dwarf-with-dsym";
				ENABLE_NS_ASSERTIONS = NO;
				ENABLE_STRICT_OBJC_MSGSEND = YES;
				GCC_C_LANGUAGE_STANDARD = gnu11;
				GCC_NO_COMMON_BLOCKS = YES;
				GCC_WARN_64_TO_32_BIT_CONVERSION = YES;
				GCC_WARN_ABOUT_RETURN_TYPE = YES_ERROR;
				GCC_WARN_UNDECLARED_SELECTOR = YES;
				GCC_WARN_UNINITIALIZED_AUTOS = YES_AGGRESSIVE;
				GCC_WARN_UNUSED_FUNCTION = YES;
				GCC_WARN_UNUSED_VARIABLE = YES;
				IPHONEOS_DEPLOYMENT_TARGET = 14.3;
				MTL_ENABLE_DEBUG_INFO = NO;
				MTL_FAST_MATH = YES;
				SDKROOT = iphoneos;
				SWIFT_COMPILATION_MODE = wholemodule;
				SWIFT_OPTIMIZATION_LEVEL = "-O";
				VALIDATE_PRODUCT = YES;
			};
			name = Release;
		};
		15B5623625DE323900D5B871 /* Debug */ = {
			isa = XCBuildConfiguration;
			buildSettings = {
				ASSETCATALOG_COMPILER_APPICON_NAME = AppIcon;
				ASSETCATALOG_COMPILER_GLOBAL_ACCENT_COLOR_NAME = AccentColor;
				CODE_SIGN_STYLE = Automatic;
				DEVELOPMENT_TEAM = 85LN7ALLMX;
				INFOPLIST_FILE = AVFoundation_Audio/Info.plist;
				LD_RUNPATH_SEARCH_PATHS = (
					"$(inherited)",
					"@executable_path/Frameworks",
				);
				PRODUCT_BUNDLE_IDENTIFIER = "com.pavlove.AVFoundation-Audio";
				PRODUCT_NAME = "$(TARGET_NAME)";
				SWIFT_VERSION = 5.0;
				TARGETED_DEVICE_FAMILY = "1,2";
			};
			name = Debug;
		};
		15B5623725DE323900D5B871 /* Release */ = {
			isa = XCBuildConfiguration;
			buildSettings = {
				ASSETCATALOG_COMPILER_APPICON_NAME = AppIcon;
				ASSETCATALOG_COMPILER_GLOBAL_ACCENT_COLOR_NAME = AccentColor;
				CODE_SIGN_STYLE = Automatic;
				DEVELOPMENT_TEAM = 85LN7ALLMX;
				INFOPLIST_FILE = AVFoundation_Audio/Info.plist;
				LD_RUNPATH_SEARCH_PATHS = (
					"$(inherited)",
					"@executable_path/Frameworks",
				);
				PRODUCT_BUNDLE_IDENTIFIER = "com.pavlove.AVFoundation-Audio";
				PRODUCT_NAME = "$(TARGET_NAME)";
				SWIFT_VERSION = 5.0;
				TARGETED_DEVICE_FAMILY = "1,2";
			};
			name = Release;
		};
/* End XCBuildConfiguration section */

/* Begin XCConfigurationList section */
		15B5621C25DE323700D5B871 /* Build configuration list for PBXProject "AVFoundation_Audio" */ = {
			isa = XCConfigurationList;
			buildConfigurations = (
				15B5623325DE323900D5B871 /* Debug */,
				15B5623425DE323900D5B871 /* Release */,
			);
			defaultConfigurationIsVisible = 0;
			defaultConfigurationName = Release;
		};
		15B5623525DE323900D5B871 /* Build configuration list for PBXNativeTarget "AVFoundation_Audio" */ = {
			isa = XCConfigurationList;
			buildConfigurations = (
				15B5623625DE323900D5B871 /* Debug */,
				15B5623725DE323900D5B871 /* Release */,
			);
			defaultConfigurationIsVisible = 0;
			defaultConfigurationName = Release;
		};
/* End XCConfigurationList section */
	};
	rootObject = 15B5621925DE323700D5B871 /* Project object */;
}
