// !$*UTF8*$!
{
	archiveVersion = 1;
	classes = {
	};
	objectVersion = 50;
	objects = {

/* Begin PBXBuildFile section */
		06CE9897267CCCC80083D49C /* AppDelegate.swift in Sources */ = {isa = PBXBuildFile; fileRef = 06CE9896267CCCC80083D49C /* AppDelegate.swift */; };
		06CE9899267CCCC80083D49C /* SceneDelegate.swift in Sources */ = {isa = PBXBuildFile; fileRef = 06CE9898267CCCC80083D49C /* SceneDelegate.swift */; };
		06CE989B267CCCC80083D49C /* ViewController.swift in Sources */ = {isa = PBXBuildFile; fileRef = 06CE989A267CCCC80083D49C /* ViewController.swift */; };
		06CE989E267CCCC80083D49C /* Main.storyboard in Resources */ = {isa = PBXBuildFile; fileRef = 06CE989C267CCCC80083D49C /* Main.storyboard */; };
		06CE98A0267CCCC90083D49C /* Assets.xcassets in Resources */ = {isa = PBXBuildFile; fileRef = 06CE989F267CCCC90083D49C /* Assets.xcassets */; };
		06CE98A3267CCCC90083D49C /* LaunchScreen.storyboard in Resources */ = {isa = PBXBuildFile; fileRef = 06CE98A1267CCCC90083D49C /* LaunchScreen.storyboard */; };
		06CE98AB267CCFB10083D49C /* test.mp4 in Resources */ = {isa = PBXBuildFile; fileRef = 06CE98AA267CCFB10083D49C /* test.mp4 */; };
/* End PBXBuildFile section */

/* Begin PBXFileReference section */
		06CE9893267CCCC80083D49C /* BasicVideoPlayer.app */ = {isa = PBXFileReference; explicitFileType = wrapper.application; includeInIndex = 0; path = BasicVideoPlayer.app; sourceTree = BUILT_PRODUCTS_DIR; };
		06CE9896267CCCC80083D49C /* AppDelegate.swift */ = {isa = PBXFileReference; lastKnownFileType = sourcecode.swift; path = AppDelegate.swift; sourceTree = "<group>"; };
		06CE9898267CCCC80083D49C /* SceneDelegate.swift */ = {isa = PBXFileReference; lastKnownFileType = sourcecode.swift; path = SceneDelegate.swift; sourceTree = "<group>"; };
		06CE989A267CCCC80083D49C /* ViewController.swift */ = {isa = PBXFileReference; lastKnownFileType = sourcecode.swift; path = ViewController.swift; sourceTree = "<group>"; };
		06CE989D267CCCC80083D49C /* Base */ = {isa = PBXFileReference; lastKnownFileType = file.storyboard; name = Base; path = Base.lproj/Main.storyboard; sourceTree = "<group>"; };
		06CE989F267CCCC90083D49C /* Assets.xcassets */ = {isa = PBXFileReference; lastKnownFileType = folder.assetcatalog; path = Assets.xcassets; sourceTree = "<group>"; };
		06CE98A2267CCCC90083D49C /* Base */ = {isa = PBXFileReference; lastKnownFileType = file.storyboard; name = Base; path = Base.lproj/LaunchScreen.storyboard; sourceTree = "<group>"; };
		06CE98A4267CCCC90083D49C /* Info.plist */ = {isa = PBXFileReference; lastKnownFileType = text.plist.xml; path = Info.plist; sourceTree = "<group>"; };
		06CE98AA267CCFB10083D49C /* test.mp4 */ = {isa = PBXFileReference; lastKnownFileType = file; path = test.mp4; sourceTree = "<group>"; };
/* End PBXFileReference section */

/* Begin PBXFrameworksBuildPhase section */
		06CE9890267CCCC80083D49C /* Frameworks */ = {
			isa = PBXFrameworksBuildPhase;
			buildActionMask = 2147483647;
			files = (
			);
			runOnlyForDeploymentPostprocessing = 0;
		};
/* End PBXFrameworksBuildPhase section */

/* Begin PBXGroup section */
		06CE988A267CCCC80083D49C = {
			isa = PBXGroup;
			children = (
				06CE9895267CCCC80083D49C /* BasicVideoPlayer */,
				06CE9894267CCCC80083D49C /* Products */,
			);
			sourceTree = "<group>";
		};
		06CE9894267CCCC80083D49C /* Products */ = {
			isa = PBXGroup;
			children = (
				06CE9893267CCCC80083D49C /* BasicVideoPlayer.app */,
			);
			name = Products;
			sourceTree = "<group>";
		};
		06CE9895267CCCC80083D49C /* BasicVideoPlayer */ = {
			isa = PBXGroup;
			children = (
				06CE9896267CCCC80083D49C /* AppDelegate.swift */,
				06CE9898267CCCC80083D49C /* SceneDelegate.swift */,
				06CE989A267CCCC80083D49C /* ViewController.swift */,
				06CE989C267CCCC80083D49C /* Main.storyboard */,
				06CE98AA267CCFB10083D49C /* test.mp4 */,
				06CE989F267CCCC90083D49C /* Assets.xcassets */,
				06CE98A1267CCCC90083D49C /* LaunchScreen.storyboard */,
				06CE98A4267CCCC90083D49C /* Info.plist */,
			);
			path = BasicVideoPlayer;
			sourceTree = "<group>";
		};
/* End PBXGroup section */

/* Begin PBXNativeTarget section */
		06CE9892267CCCC80083D49C /* BasicVideoPlayer */ = {
			isa = PBXNativeTarget;
			buildConfigurationList = 06CE98A7267CCCC90083D49C /* Build configuration list for PBXNativeTarget "BasicVideoPlayer" */;
			buildPhases = (
				06CE988F267CCCC80083D49C /* Sources */,
				06CE9890267CCCC80083D49C /* Frameworks */,
				06CE9891267CCCC80083D49C /* Resources */,
			);
			buildRules = (
			);
			dependencies = (
			);
			name = BasicVideoPlayer;
			productName = BasicVideoPlayer;
			productReference = 06CE9893267CCCC80083D49C /* BasicVideoPlayer.app */;
			productType = "com.apple.product-type.application";
		};
/* End PBXNativeTarget section */

/* Begin PBXProject section */
		06CE988B267CCCC80083D49C /* Project object */ = {
			isa = PBXProject;
			attributes = {
				LastSwiftUpdateCheck = 1250;
				LastUpgradeCheck = 1250;
				TargetAttributes = {
					06CE9892267CCCC80083D49C = {
						CreatedOnToolsVersion = 12.5;
					};
				};
			};
			buildConfigurationList = 06CE988E267CCCC80083D49C /* Build configuration list for PBXProject "BasicVideoPlayer" */;
			compatibilityVersion = "Xcode 9.3";
			developmentRegion = en;
			hasScannedForEncodings = 0;
			knownRegions = (
				en,
				Base,
			);
			mainGroup = 06CE988A267CCCC80083D49C;
			productRefGroup = 06CE9894267CCCC80083D49C /* Products */;
			projectDirPath = "";
			projectRoot = "";
			targets = (
				06CE9892267CCCC80083D49C /* BasicVideoPlayer */,
			);
		};
/* End PBXProject section */

/* Begin PBXResourcesBuildPhase section */
		06CE9891267CCCC80083D49C /* Resources */ = {
			isa = PBXResourcesBuildPhase;
			buildActionMask = 2147483647;
			files = (
				06CE98A3267CCCC90083D49C /* LaunchScreen.storyboard in Resources */,
				06CE98A0267CCCC90083D49C /* Assets.xcassets in Resources */,
				06CE989E267CCCC80083D49C /* Main.storyboard in Resources */,
				06CE98AB267CCFB10083D49C /* test.mp4 in Resources */,
			);
			runOnlyForDeploymentPostprocessing = 0;
		};
/* End PBXResourcesBuildPhase section */

/* Begin PBXSourcesBuildPhase section */
		06CE988F267CCCC80083D49C /* Sources */ = {
			isa = PBXSourcesBuildPhase;
			buildActionMask = 2147483647;
			files = (
				06CE989B267CCCC80083D49C /* ViewController.swift in Sources */,
				06CE9897267CCCC80083D49C /* AppDelegate.swift in Sources */,
				06CE9899267CCCC80083D49C /* SceneDelegate.swift in Sources */,
			);
			runOnlyForDeploymentPostprocessing = 0;
		};
/* End PBXSourcesBuildPhase section */

/* Begin PBXVariantGroup section */
		06CE989C267CCCC80083D49C /* Main.storyboard */ = {
			isa = PBXVariantGroup;
			children = (
				06CE989D267CCCC80083D49C /* Base */,
			);
			name = Main.storyboard;
			sourceTree = "<group>";
		};
		06CE98A1267CCCC90083D49C /* LaunchScreen.storyboard */ = {
			isa = PBXVariantGroup;
			children = (
				06CE98A2267CCCC90083D49C /* Base */,
			);
			name = LaunchScreen.storyboard;
			sourceTree = "<group>";
		};
/* End PBXVariantGroup section */

/* Begin XCBuildConfiguration section */
		06CE98A5267CCCC90083D49C /* Debug */ = {
			isa = XCBuildConfiguration;
			buildSettings = {
				ALWAYS_SEARCH_USER_PATHS = NO;
				CLANG_ANALYZER_NONNULL = YES;
				CLANG_ANALYZER_NUMBER_OBJECT_CONVERSION = YES_AGGRESSIVE;
				CLANG_CXX_LANGUAGE_STANDARD = "gnu++14";
				CLANG_CXX_LIBRARY = "libc++";
				CLANG_ENABLE_MODULES = YES;
				CLANG_ENABLE_OBJC_ARC = YES;
				CLANG_ENABLE_OBJC_WEAK = YES;
				CLANG_WARN_BLOCK_CAPTURE_AUTORELEASING = YES;
				CLANG_WARN_BOOL_CONVERSION = YES;
				CLANG_WARN_COMMA = YES;
				CLANG_WARN_CONSTANT_CONVERSION = YES;
				CLANG_WARN_DEPRECATED_OBJC_IMPLEMENTATIONS = YES;
				CLANG_WARN_DIRECT_OBJC_ISA_USAGE = YES_ERROR;
				CLANG_WARN_DOCUMENTATION_COMMENTS = YES;
				CLANG_WARN_EMPTY_BODY = YES;
				CLANG_WARN_ENUM_CONVERSION = YES;
				CLANG_WARN_INFINITE_RECURSION = YES;
				CLANG_WARN_INT_CONVERSION = YES;
				CLANG_WARN_NON_LITERAL_NULL_CONVERSION = YES;
				CLANG_WARN_OBJC_IMPLICIT_RETAIN_SELF = YES;
				CLANG_WARN_OBJC_LITERAL_CONVERSION = YES;
				CLANG_WARN_OBJC_ROOT_CLASS = YES_ERROR;
				CLANG_WARN_QUOTED_INCLUDE_IN_FRAMEWORK_HEADER = YES;
				CLANG_WARN_RANGE_LOOP_ANALYSIS = YES;
				CLANG_WARN_STRICT_PROTOTYPES = YES;
				CLANG_WARN_SUSPICIOUS_MOVE = YES;
				CLANG_WARN_UNGUARDED_AVAILABILITY = YES_AGGRESSIVE;
				CLANG_WARN_UNREACHABLE_CODE = YES;
				CLANG_WARN__DUPLICATE_METHOD_MATCH = YES;
				COPY_PHASE_STRIP = NO;
				DEBUG_INFORMATION_FORMAT = dwarf;
				ENABLE_STRICT_OBJC_MSGSEND = YES;
				ENABLE_TESTABILITY = YES;
				GCC_C_LANGUAGE_STANDARD = gnu11;
				GCC_DYNAMIC_NO_PIC = NO;
				GCC_NO_COMMON_BLOCKS = YES;
				GCC_OPTIMIZATION_LEVEL = 0;
				GCC_PREPROCESSOR_DEFINITIONS = (
					"DEBUG=1",
					"$(inherited)",
				);
				GCC_WARN_64_TO_32_BIT_CONVERSION = YES;
				GCC_WARN_ABOUT_RETURN_TYPE = YES_ERROR;
				GCC_WARN_UNDECLARED_SELECTOR = YES;
				GCC_WARN_UNINITIALIZED_AUTOS = YES_AGGRESSIVE;
				GCC_WARN_UNUSED_FUNCTION = YES;
				GCC_WARN_UNUSED_VARIABLE = YES;
				IPHONEOS_DEPLOYMENT_TARGET = 14.5;
				MTL_ENABLE_DEBUG_INFO = INCLUDE_SOURCE;
				MTL_FAST_MATH = YES;
				ONLY_ACTIVE_ARCH = YES;
				SDKROOT = iphoneos;
				SWIFT_ACTIVE_COMPILATION_CONDITIONS = DEBUG;
				SWIFT_OPTIMIZATION_LEVEL = "-Onone";
			};
			name = Debug;
		};
		06CE98A6267CCCC90083D49C /* Release */ = {
			isa = XCBuildConfiguration;
			buildSettings = {
				ALWAYS_SEARCH_USER_PATHS = NO;
				CLANG_ANALYZER_NONNULL = YES;
				CLANG_ANALYZER_NUMBER_OBJECT_CONVERSION = YES_AGGRESSIVE;
				CLANG_CXX_LANGUAGE_STANDARD = "gnu++14";
				CLANG_CXX_LIBRARY = "libc++";
				CLANG_ENABLE_MODULES = YES;
				CLANG_ENABLE_OBJC_ARC = YES;
				CLANG_ENABLE_OBJC_WEAK = YES;
				CLANG_WARN_BLOCK_CAPTURE_AUTORELEASING = YES;
				CLANG_WARN_BOOL_CONVERSION = YES;
				CLANG_WARN_COMMA = YES;
				CLANG_WARN_CONSTANT_CONVERSION = YES;
				CLANG_WARN_DEPRECATED_OBJC_IMPLEMENTATIONS = YES;
				CLANG_WARN_DIRECT_OBJC_ISA_USAGE = YES_ERROR;
				CLANG_WARN_DOCUMENTATION_COMMENTS = YES;
				CLANG_WARN_EMPTY_BODY = YES;
				CLANG_WARN_ENUM_CONVERSION = YES;
				CLANG_WARN_INFINITE_RECURSION = YES;
				CLANG_WARN_INT_CONVERSION = YES;
				CLANG_WARN_NON_LITERAL_NULL_CONVERSION = YES;
				CLANG_WARN_OBJC_IMPLICIT_RETAIN_SELF = YES;
				CLANG_WARN_OBJC_LITERAL_CONVERSION = YES;
				CLANG_WARN_OBJC_ROOT_CLASS = YES_ERROR;
				CLANG_WARN_QUOTED_INCLUDE_IN_FRAMEWORK_HEADER = YES;
				CLANG_WARN_RANGE_LOOP_ANALYSIS = YES;
				CLANG_WARN_STRICT_PROTOTYPES = YES;
				CLANG_WARN_SUSPICIOUS_MOVE = YES;
				CLANG_WARN_UNGUARDED_AVAILABILITY = YES_AGGRESSIVE;
				CLANG_WARN_UNREACHABLE_CODE = YES;
				CLANG_WARN__DUPLICATE_METHOD_MATCH = YES;
				COPY_PHASE_STRIP = NO;
				DEBUG_INFORMATION_FORMAT = "dwarf-with-dsym";
				ENABLE_NS_ASSERTIONS = NO;
				ENABLE_STRICT_OBJC_MSGSEND = YES;
				GCC_C_LANGUAGE_STANDARD = gnu11;
				GCC_NO_COMMON_BLOCKS = YES;
				GCC_WARN_64_TO_32_BIT_CONVERSION = YES;
				GCC_WARN_ABOUT_RETURN_TYPE = YES_ERROR;
				GCC_WARN_UNDECLARED_SELECTOR = YES;
				GCC_WARN_UNINITIALIZED_AUTOS = YES_AGGRESSIVE;
				GCC_WARN_UNUSED_FUNCTION = YES;
				GCC_WARN_UNUSED_VARIABLE = YES;
				IPHONEOS_DEPLOYMENT_TARGET = 14.5;
				MTL_ENABLE_DEBUG_INFO = NO;
				MTL_FAST_MATH = YES;
				SDKROOT = iphoneos;
				SWIFT_COMPILATION_MODE = wholemodule;
				SWIFT_OPTIMIZATION_LEVEL = "-O";
				VALIDATE_PRODUCT = YES;
			};
			name = Release;
		};
		06CE98A8267CCCC90083D49C /* Debug */ = {
			isa = XCBuildConfiguration;
			buildSettings = {
				ASSETCATALOG_COMPILER_APPICON_NAME = AppIcon;
				ASSETCATALOG_COMPILER_GLOBAL_ACCENT_COLOR_NAME = AccentColor;
				CODE_SIGN_STYLE = Automatic;
				INFOPLIST_FILE = BasicVideoPlayer/Info.plist;
				LD_RUNPATH_SEARCH_PATHS = (
					"$(inherited)",
					"@executable_path/Frameworks",
				);
				PRODUCT_BUNDLE_IDENTIFIER = com.netology.BasicVideoPlayer;
				PRODUCT_NAME = "$(TARGET_NAME)";
				SWIFT_VERSION = 5.0;
				TARGETED_DEVICE_FAMILY = "1,2";
			};
			name = Debug;
		};
		06CE98A9267CCCC90083D49C /* Release */ = {
			isa = XCBuildConfiguration;
			buildSettings = {
				ASSETCATALOG_COMPILER_APPICON_NAME = AppIcon;
				ASSETCATALOG_COMPILER_GLOBAL_ACCENT_COLOR_NAME = AccentColor;
				CODE_SIGN_STYLE = Automatic;
				INFOPLIST_FILE = BasicVideoPlayer/Info.plist;
				LD_RUNPATH_SEARCH_PATHS = (
					"$(inherited)",
					"@executable_path/Frameworks",
				);
				PRODUCT_BUNDLE_IDENTIFIER = com.netology.BasicVideoPlayer;
				PRODUCT_NAME = "$(TARGET_NAME)";
				SWIFT_VERSION = 5.0;
				TARGETED_DEVICE_FAMILY = "1,2";
			};
			name = Release;
		};
/* End XCBuildConfiguration section */

/* Begin XCConfigurationList section */
		06CE988E267CCCC80083D49C /* Build configuration list for PBXProject "BasicVideoPlayer" */ = {
			isa = XCConfigurationList;
			buildConfigurations = (
				06CE98A5267CCCC90083D49C /* Debug */,
				06CE98A6267CCCC90083D49C /* Release */,
			);
			defaultConfigurationIsVisible = 0;
			defaultConfigurationName = Release;
		};
		06CE98A7267CCCC90083D49C /* Build configuration list for PBXNativeTarget "BasicVideoPlayer" */ = {
			isa = XCConfigurationList;
			buildConfigurations = (
				06CE98A8267CCCC90083D49C /* Debug */,
				06CE98A9267CCCC90083D49C /* Release */,
			);
			defaultConfigurationIsVisible = 0;
			defaultConfigurationName = Release;
		};
/* End XCConfigurationList section */
	};
	rootObject = 06CE988B267CCCC80083D49C /* Project object */;
}
